
Microsoft Visual Studio Solution File, Format Version 12.00
# Visual Studio 15
VisualStudioVersion = 15.0.28010.2046
MinimumVisualStudioVersion = 10.0.40219.1
Project("{FAE04EC0-301F-11D3-BF4B-00C04F79EFBC}") = "Encapsulation", "SortPersonsbyNameandAge\Encapsulation.csproj", "{AB998F35-B81A-4B25-89C1-230CD188BD08}"
EndProject
Project("{2150E333-8FDC-42A3-9474-1A3956D46DE8}") = "Encapsulation Project", "Encapsulation Project", "{DF0ED59F-7FB6-4761-8B65-AE4CB75CC0A1}"
EndProject
Global
	GlobalSection(SolutionConfigurationPlatforms) = preSolution
		Debug|Any CPU = Debug|Any CPU
		Release|Any CPU = Release|Any CPU
	EndGlobalSection
	GlobalSection(ProjectConfigurationPlatforms) = postSolution
		{AB998F35-B81A-4B25-89C1-230CD188BD08}.Debug|Any CPU.ActiveCfg = Debug|Any CPU
		{AB998F35-B81A-4B25-89C1-230CD188BD08}.Debug|Any CPU.Build.0 = Debug|Any CPU
		{AB998F35-B81A-4B25-89C1-230CD188BD08}.Release|Any CPU.ActiveCfg = Release|Any CPU
		{AB998F35-B81A-4B25-89C1-230CD188BD08}.Release|Any CPU.Build.0 = Release|Any CPU
	EndGlobalSection
	GlobalSection(SolutionProperties) = preSolution
		HideSolutionNode = FALSE
	EndGlobalSection
	GlobalSection(NestedProjects) = preSolution
		{AB998F35-B81A-4B25-89C1-230CD188BD08} = {DF0ED59F-7FB6-4761-8B65-AE4CB75CC0A1}
	EndGlobalSection
	GlobalSection(ExtensibilityGlobals) = postSolution
		SolutionGuid = {3D485168-2FDF-4DDD-B262-FA00AB0F1660}
	EndGlobalSection
EndGlobal
