
Microsoft Visual Studio Solution File, Format Version 12.00
# Visual Studio 15
VisualStudioVersion = 15.0.28307.168
MinimumVisualStudioVersion = 10.0.40219.1
Project("{FAE04EC0-301F-11D3-BF4B-00C04F79EFBC}") = "SoftUniDI Framework", "SoftUniDI Framework\SoftUniDI Framework.csproj", "{F405223B-769A-4FAA-B77C-A671661B1037}"
EndProject
Global
	GlobalSection(SolutionConfigurationPlatforms) = preSolution
		Debug|Any CPU = Debug|Any CPU
		Release|Any CPU = Release|Any CPU
	EndGlobalSection
	GlobalSection(ProjectConfigurationPlatforms) = postSolution
		{F405223B-769A-4FAA-B77C-A671661B1037}.Debug|Any CPU.ActiveCfg = Debug|Any CPU
		{F405223B-769A-4FAA-B77C-A671661B1037}.Debug|Any CPU.Build.0 = Debug|Any CPU
		{F405223B-769A-4FAA-B77C-A671661B1037}.Release|Any CPU.ActiveCfg = Release|Any CPU
		{F405223B-769A-4FAA-B77C-A671661B1037}.Release|Any CPU.Build.0 = Release|Any CPU
	EndGlobalSection
	GlobalSection(SolutionProperties) = preSolution
		HideSolutionNode = FALSE
	EndGlobalSection
	GlobalSection(ExtensibilityGlobals) = postSolution
		SolutionGuid = {30195ABC-5D58-4BC7-9572-3AB1015B4712}
	EndGlobalSection
EndGlobal
