
Microsoft Visual Studio Solution File, Format Version 12.00
# Visual Studio 15
VisualStudioVersion = 15.0.28010.2046
MinimumVisualStudioVersion = 10.0.40219.1
Project("{9A19103F-16F7-4668-BE54-9A1E7A4F7556}") = "Tagram", "Tagram\Tagram.csproj", "{10347F95-09A2-4BE2-A7D8-1313172C65D9}"
EndProject
Project("{9A19103F-16F7-4668-BE54-9A1E7A4F7556}") = "Cups and Bottles", "Cups and Bottles\Cups and Bottles.csproj", "{DBCFA322-D723-449A-B3E2-049D619DDEBF}"
EndProject
Project("{9A19103F-16F7-4668-BE54-9A1E7A4F7556}") = "Miner", "Miner\Miner.csproj", "{AC6348B4-CC64-4E24-BF5F-937371576724}"
EndProject
Project("{FAE04EC0-301F-11D3-BF4B-00C04F79EFBC}") = "Data Transfer", "Data Transfer\Data Transfer.csproj", "{713EE153-8626-439D-B104-3FB08A2F1BBB}"
EndProject
Global
	GlobalSection(SolutionConfigurationPlatforms) = preSolution
		Debug|Any CPU = Debug|Any CPU
		Release|Any CPU = Release|Any CPU
	EndGlobalSection
	GlobalSection(ProjectConfigurationPlatforms) = postSolution
		{10347F95-09A2-4BE2-A7D8-1313172C65D9}.Debug|Any CPU.ActiveCfg = Debug|Any CPU
		{10347F95-09A2-4BE2-A7D8-1313172C65D9}.Debug|Any CPU.Build.0 = Debug|Any CPU
		{10347F95-09A2-4BE2-A7D8-1313172C65D9}.Release|Any CPU.ActiveCfg = Release|Any CPU
		{10347F95-09A2-4BE2-A7D8-1313172C65D9}.Release|Any CPU.Build.0 = Release|Any CPU
		{DBCFA322-D723-449A-B3E2-049D619DDEBF}.Debug|Any CPU.ActiveCfg = Debug|Any CPU
		{DBCFA322-D723-449A-B3E2-049D619DDEBF}.Debug|Any CPU.Build.0 = Debug|Any CPU
		{DBCFA322-D723-449A-B3E2-049D619DDEBF}.Release|Any CPU.ActiveCfg = Release|Any CPU
		{DBCFA322-D723-449A-B3E2-049D619DDEBF}.Release|Any CPU.Build.0 = Release|Any CPU
		{AC6348B4-CC64-4E24-BF5F-937371576724}.Debug|Any CPU.ActiveCfg = Debug|Any CPU
		{AC6348B4-CC64-4E24-BF5F-937371576724}.Debug|Any CPU.Build.0 = Debug|Any CPU
		{AC6348B4-CC64-4E24-BF5F-937371576724}.Release|Any CPU.ActiveCfg = Release|Any CPU
		{AC6348B4-CC64-4E24-BF5F-937371576724}.Release|Any CPU.Build.0 = Release|Any CPU
		{713EE153-8626-439D-B104-3FB08A2F1BBB}.Debug|Any CPU.ActiveCfg = Debug|Any CPU
		{713EE153-8626-439D-B104-3FB08A2F1BBB}.Debug|Any CPU.Build.0 = Debug|Any CPU
		{713EE153-8626-439D-B104-3FB08A2F1BBB}.Release|Any CPU.ActiveCfg = Release|Any CPU
		{713EE153-8626-439D-B104-3FB08A2F1BBB}.Release|Any CPU.Build.0 = Release|Any CPU
	EndGlobalSection
	GlobalSection(SolutionProperties) = preSolution
		HideSolutionNode = FALSE
	EndGlobalSection
	GlobalSection(ExtensibilityGlobals) = postSolution
		SolutionGuid = {F43A8126-99BB-4631-BDA6-9562D9BB3503}
	EndGlobalSection
EndGlobal
