
Microsoft Visual Studio Solution File, Format Version 12.00
# Visual Studio 15
VisualStudioVersion = 15.0.28010.2050
MinimumVisualStudioVersion = 10.0.40219.1
Project("{9A19103F-16F7-4668-BE54-9A1E7A4F7556}") = "Define an Interface IPerson", "DefineAnInterfaceIPerson\Define an Interface IPerson.csproj", "{107912EC-760C-46F6-9A1F-F9E80C00AF0B}"
EndProject
Project("{9A19103F-16F7-4668-BE54-9A1E7A4F7556}") = "Ferrari", "FerrariProj\Ferrari.csproj", "{51EB707C-E45F-4D33-8826-B5AB0E606A4B}"
EndProject
Project("{9A19103F-16F7-4668-BE54-9A1E7A4F7556}") = "Telephony", "TelephonyProj\Telephony.csproj", "{296213C1-2025-46E9-8A35-15497A2EA5C6}"
EndProject
Project("{9A19103F-16F7-4668-BE54-9A1E7A4F7556}") = "BorderControl", "Border Control\BorderControl.csproj", "{FAC23C01-0F05-430D-80FE-A4B5425217C2}"
EndProject
Project("{9A19103F-16F7-4668-BE54-9A1E7A4F7556}") = "Millitary Elite", "MillitaryElite\Millitary Elite.csproj", "{A3359C48-8800-452A-B8EC-72846D3D6BCA}"
EndProject
Global
	GlobalSection(SolutionConfigurationPlatforms) = preSolution
		Debug|Any CPU = Debug|Any CPU
		Release|Any CPU = Release|Any CPU
	EndGlobalSection
	GlobalSection(ProjectConfigurationPlatforms) = postSolution
		{107912EC-760C-46F6-9A1F-F9E80C00AF0B}.Debug|Any CPU.ActiveCfg = Debug|Any CPU
		{107912EC-760C-46F6-9A1F-F9E80C00AF0B}.Debug|Any CPU.Build.0 = Debug|Any CPU
		{107912EC-760C-46F6-9A1F-F9E80C00AF0B}.Release|Any CPU.ActiveCfg = Release|Any CPU
		{107912EC-760C-46F6-9A1F-F9E80C00AF0B}.Release|Any CPU.Build.0 = Release|Any CPU
		{51EB707C-E45F-4D33-8826-B5AB0E606A4B}.Debug|Any CPU.ActiveCfg = Debug|Any CPU
		{51EB707C-E45F-4D33-8826-B5AB0E606A4B}.Debug|Any CPU.Build.0 = Debug|Any CPU
		{51EB707C-E45F-4D33-8826-B5AB0E606A4B}.Release|Any CPU.ActiveCfg = Release|Any CPU
		{51EB707C-E45F-4D33-8826-B5AB0E606A4B}.Release|Any CPU.Build.0 = Release|Any CPU
		{296213C1-2025-46E9-8A35-15497A2EA5C6}.Debug|Any CPU.ActiveCfg = Debug|Any CPU
		{296213C1-2025-46E9-8A35-15497A2EA5C6}.Debug|Any CPU.Build.0 = Debug|Any CPU
		{296213C1-2025-46E9-8A35-15497A2EA5C6}.Release|Any CPU.ActiveCfg = Release|Any CPU
		{296213C1-2025-46E9-8A35-15497A2EA5C6}.Release|Any CPU.Build.0 = Release|Any CPU
		{FAC23C01-0F05-430D-80FE-A4B5425217C2}.Debug|Any CPU.ActiveCfg = Debug|Any CPU
		{FAC23C01-0F05-430D-80FE-A4B5425217C2}.Debug|Any CPU.Build.0 = Debug|Any CPU
		{FAC23C01-0F05-430D-80FE-A4B5425217C2}.Release|Any CPU.ActiveCfg = Release|Any CPU
		{FAC23C01-0F05-430D-80FE-A4B5425217C2}.Release|Any CPU.Build.0 = Release|Any CPU
		{A3359C48-8800-452A-B8EC-72846D3D6BCA}.Debug|Any CPU.ActiveCfg = Debug|Any CPU
		{A3359C48-8800-452A-B8EC-72846D3D6BCA}.Debug|Any CPU.Build.0 = Debug|Any CPU
		{A3359C48-8800-452A-B8EC-72846D3D6BCA}.Release|Any CPU.ActiveCfg = Release|Any CPU
		{A3359C48-8800-452A-B8EC-72846D3D6BCA}.Release|Any CPU.Build.0 = Release|Any CPU
	EndGlobalSection
	GlobalSection(SolutionProperties) = preSolution
		HideSolutionNode = FALSE
	EndGlobalSection
	GlobalSection(ExtensibilityGlobals) = postSolution
		SolutionGuid = {8A45FC7B-D2F6-4CDB-AC02-03A0367C5E23}
	EndGlobalSection
EndGlobal
