
Microsoft Visual Studio Solution File, Format Version 12.00
# Visual Studio 15
VisualStudioVersion = 15.0.28010.2036
MinimumVisualStudioVersion = 10.0.40219.1
Project("{FAE04EC0-301F-11D3-BF4B-00C04F79EFBC}") = "Sort Even Numbers", "Sort Even Numbers\Sort Even Numbers.csproj", "{3EC85297-9603-4EF5-B3B5-F5749817BEC8}"
EndProject
Project("{FAE04EC0-301F-11D3-BF4B-00C04F79EFBC}") = "Sum Numbers", "Sum Numbers\Sum Numbers.csproj", "{C81C6CEF-4453-4613-A49F-05B652B5EB33}"
EndProject
Project("{FAE04EC0-301F-11D3-BF4B-00C04F79EFBC}") = "Count Uppercase Words", "Count Uppercase Words\Count Uppercase Words.csproj", "{8B55C2BB-BDBA-48E5-A114-9F424A9ECF21}"
EndProject
Project("{FAE04EC0-301F-11D3-BF4B-00C04F79EFBC}") = "Add VAT", "Add VAT\Add VAT.csproj", "{321E7270-100A-438F-86BD-85AE4630126B}"
EndProject
Project("{FAE04EC0-301F-11D3-BF4B-00C04F79EFBC}") = "Filter By Age", "Filter By Age\Filter By Age.csproj", "{FF229CDB-05A0-4B9B-898A-25101C5AAA3D}"
EndProject
Global
	GlobalSection(SolutionConfigurationPlatforms) = preSolution
		Debug|Any CPU = Debug|Any CPU
		Release|Any CPU = Release|Any CPU
	EndGlobalSection
	GlobalSection(ProjectConfigurationPlatforms) = postSolution
		{3EC85297-9603-4EF5-B3B5-F5749817BEC8}.Debug|Any CPU.ActiveCfg = Debug|Any CPU
		{3EC85297-9603-4EF5-B3B5-F5749817BEC8}.Debug|Any CPU.Build.0 = Debug|Any CPU
		{3EC85297-9603-4EF5-B3B5-F5749817BEC8}.Release|Any CPU.ActiveCfg = Release|Any CPU
		{3EC85297-9603-4EF5-B3B5-F5749817BEC8}.Release|Any CPU.Build.0 = Release|Any CPU
		{C81C6CEF-4453-4613-A49F-05B652B5EB33}.Debug|Any CPU.ActiveCfg = Debug|Any CPU
		{C81C6CEF-4453-4613-A49F-05B652B5EB33}.Debug|Any CPU.Build.0 = Debug|Any CPU
		{C81C6CEF-4453-4613-A49F-05B652B5EB33}.Release|Any CPU.ActiveCfg = Release|Any CPU
		{C81C6CEF-4453-4613-A49F-05B652B5EB33}.Release|Any CPU.Build.0 = Release|Any CPU
		{8B55C2BB-BDBA-48E5-A114-9F424A9ECF21}.Debug|Any CPU.ActiveCfg = Debug|Any CPU
		{8B55C2BB-BDBA-48E5-A114-9F424A9ECF21}.Debug|Any CPU.Build.0 = Debug|Any CPU
		{8B55C2BB-BDBA-48E5-A114-9F424A9ECF21}.Release|Any CPU.ActiveCfg = Release|Any CPU
		{8B55C2BB-BDBA-48E5-A114-9F424A9ECF21}.Release|Any CPU.Build.0 = Release|Any CPU
		{321E7270-100A-438F-86BD-85AE4630126B}.Debug|Any CPU.ActiveCfg = Debug|Any CPU
		{321E7270-100A-438F-86BD-85AE4630126B}.Debug|Any CPU.Build.0 = Debug|Any CPU
		{321E7270-100A-438F-86BD-85AE4630126B}.Release|Any CPU.ActiveCfg = Release|Any CPU
		{321E7270-100A-438F-86BD-85AE4630126B}.Release|Any CPU.Build.0 = Release|Any CPU
		{FF229CDB-05A0-4B9B-898A-25101C5AAA3D}.Debug|Any CPU.ActiveCfg = Debug|Any CPU
		{FF229CDB-05A0-4B9B-898A-25101C5AAA3D}.Debug|Any CPU.Build.0 = Debug|Any CPU
		{FF229CDB-05A0-4B9B-898A-25101C5AAA3D}.Release|Any CPU.ActiveCfg = Release|Any CPU
		{FF229CDB-05A0-4B9B-898A-25101C5AAA3D}.Release|Any CPU.Build.0 = Release|Any CPU
	EndGlobalSection
	GlobalSection(SolutionProperties) = preSolution
		HideSolutionNode = FALSE
	EndGlobalSection
	GlobalSection(ExtensibilityGlobals) = postSolution
		SolutionGuid = {E9C9EEF1-B0CD-4A89-A938-88745BB07842}
	EndGlobalSection
EndGlobal
