
Microsoft Visual Studio Solution File, Format Version 12.00
# Visual Studio 15
VisualStudioVersion = 15.0.28010.2046
MinimumVisualStudioVersion = 10.0.40219.1
Project("{9A19103F-16F7-4668-BE54-9A1E7A4F7556}") = "ClassBoxDataValidation", "ClassBoxDataValidation\ClassBoxDataValidation.csproj", "{E231905F-6DFC-4FDC-965C-29BB35F4CD93}"
EndProject
Project("{2150E333-8FDC-42A3-9474-1A3956D46DE8}") = "Class Box Data Validation", "Class Box Data Validation", "{01B6E7C2-FE8D-4A2C-9F75-1A6551099481}"
EndProject
Project("{2150E333-8FDC-42A3-9474-1A3956D46DE8}") = "Shopping Spree", "Shopping Spree", "{0ABF0829-4A64-4EAD-B30E-062F703DFD18}"
EndProject
Project("{FAE04EC0-301F-11D3-BF4B-00C04F79EFBC}") = "ShoppingSpree", "ShoppingSpree\ShoppingSpree.csproj", "{8771D390-573D-4E71-A5A9-E7C5CBC53E64}"
EndProject
Project("{2150E333-8FDC-42A3-9474-1A3956D46DE8}") = "Pizza Calories", "Pizza Calories", "{E715A8E0-0461-4BBA-A2F4-892CCDB66ED4}"
EndProject
Project("{FAE04EC0-301F-11D3-BF4B-00C04F79EFBC}") = "PizzaCalories", "PizzaCalories\PizzaCalories.csproj", "{DF5305C6-1961-4ABF-90EA-037C02D1743B}"
EndProject
Global
	GlobalSection(SolutionConfigurationPlatforms) = preSolution
		Debug|Any CPU = Debug|Any CPU
		Release|Any CPU = Release|Any CPU
	EndGlobalSection
	GlobalSection(ProjectConfigurationPlatforms) = postSolution
		{E231905F-6DFC-4FDC-965C-29BB35F4CD93}.Debug|Any CPU.ActiveCfg = Debug|Any CPU
		{E231905F-6DFC-4FDC-965C-29BB35F4CD93}.Debug|Any CPU.Build.0 = Debug|Any CPU
		{E231905F-6DFC-4FDC-965C-29BB35F4CD93}.Release|Any CPU.ActiveCfg = Release|Any CPU
		{E231905F-6DFC-4FDC-965C-29BB35F4CD93}.Release|Any CPU.Build.0 = Release|Any CPU
		{8771D390-573D-4E71-A5A9-E7C5CBC53E64}.Debug|Any CPU.ActiveCfg = Debug|Any CPU
		{8771D390-573D-4E71-A5A9-E7C5CBC53E64}.Debug|Any CPU.Build.0 = Debug|Any CPU
		{8771D390-573D-4E71-A5A9-E7C5CBC53E64}.Release|Any CPU.ActiveCfg = Release|Any CPU
		{8771D390-573D-4E71-A5A9-E7C5CBC53E64}.Release|Any CPU.Build.0 = Release|Any CPU
		{DF5305C6-1961-4ABF-90EA-037C02D1743B}.Debug|Any CPU.ActiveCfg = Debug|Any CPU
		{DF5305C6-1961-4ABF-90EA-037C02D1743B}.Debug|Any CPU.Build.0 = Debug|Any CPU
		{DF5305C6-1961-4ABF-90EA-037C02D1743B}.Release|Any CPU.ActiveCfg = Release|Any CPU
		{DF5305C6-1961-4ABF-90EA-037C02D1743B}.Release|Any CPU.Build.0 = Release|Any CPU
	EndGlobalSection
	GlobalSection(SolutionProperties) = preSolution
		HideSolutionNode = FALSE
	EndGlobalSection
	GlobalSection(NestedProjects) = preSolution
		{E231905F-6DFC-4FDC-965C-29BB35F4CD93} = {01B6E7C2-FE8D-4A2C-9F75-1A6551099481}
		{8771D390-573D-4E71-A5A9-E7C5CBC53E64} = {0ABF0829-4A64-4EAD-B30E-062F703DFD18}
		{DF5305C6-1961-4ABF-90EA-037C02D1743B} = {E715A8E0-0461-4BBA-A2F4-892CCDB66ED4}
	EndGlobalSection
	GlobalSection(ExtensibilityGlobals) = postSolution
		SolutionGuid = {6C5EAA65-DF67-4C5B-B747-557041174688}
	EndGlobalSection
EndGlobal
