
Microsoft Visual Studio Solution File, Format Version 12.00
# Visual Studio 15
VisualStudioVersion = 15.0.28010.2046
MinimumVisualStudioVersion = 10.0.40219.1
Project("{FAE04EC0-301F-11D3-BF4B-00C04F79EFBC}") = "Hospital", "Hospital\Hospital.csproj", "{A08BBC35-559E-45F4-BE22-52F11A637A11}"
EndProject
Global
	GlobalSection(SolutionConfigurationPlatforms) = preSolution
		Debug|Any CPU = Debug|Any CPU
		Release|Any CPU = Release|Any CPU
	EndGlobalSection
	GlobalSection(ProjectConfigurationPlatforms) = postSolution
		{A08BBC35-559E-45F4-BE22-52F11A637A11}.Debug|Any CPU.ActiveCfg = Debug|Any CPU
		{A08BBC35-559E-45F4-BE22-52F11A637A11}.Debug|Any CPU.Build.0 = Debug|Any CPU
		{A08BBC35-559E-45F4-BE22-52F11A637A11}.Release|Any CPU.ActiveCfg = Release|Any CPU
		{A08BBC35-559E-45F4-BE22-52F11A637A11}.Release|Any CPU.Build.0 = Release|Any CPU
	EndGlobalSection
	GlobalSection(SolutionProperties) = preSolution
		HideSolutionNode = FALSE
	EndGlobalSection
	GlobalSection(ExtensibilityGlobals) = postSolution
		SolutionGuid = {20B6C24F-29A8-41F5-8586-A61F0C1572F9}
	EndGlobalSection
EndGlobal
