
Microsoft Visual Studio Solution File, Format Version 12.00
# Visual Studio 15
VisualStudioVersion = 15.0.28010.2036
MinimumVisualStudioVersion = 10.0.40219.1
Project("{FAE04EC0-301F-11D3-BF4B-00C04F79EFBC}") = "Parking System", "Parking System\Parking System.csproj", "{C01CE8E2-C0B2-4372-9484-C80D5CBAAF38}"
EndProject
Project("{FAE04EC0-301F-11D3-BF4B-00C04F79EFBC}") = "Matrix of Palindromes", "Matrix of Palindromes\Matrix of Palindromes.csproj", "{F281049D-1761-4A19-BE5E-886CBF5B6ABF}"
EndProject
Project("{FAE04EC0-301F-11D3-BF4B-00C04F79EFBC}") = "Diagonal Difference", "Diagonal Difference\Diagonal Difference.csproj", "{7D920F25-254E-4A02-8B1C-992510C0295D}"
EndProject
Project("{FAE04EC0-301F-11D3-BF4B-00C04F79EFBC}") = "2x2 Squares in Matrix", "2x2 Squares in Matrix\2x2 Squares in Matrix.csproj", "{15F5E4B8-070E-4029-B97C-1B0C5C9125C1}"
EndProject
Project("{FAE04EC0-301F-11D3-BF4B-00C04F79EFBC}") = "Maximal Sum", "Maximal Sum\Maximal Sum.csproj", "{391D419A-6B89-43A6-B6BA-A83B988126AD}"
EndProject
Global
	GlobalSection(SolutionConfigurationPlatforms) = preSolution
		Debug|Any CPU = Debug|Any CPU
		Release|Any CPU = Release|Any CPU
	EndGlobalSection
	GlobalSection(ProjectConfigurationPlatforms) = postSolution
		{C01CE8E2-C0B2-4372-9484-C80D5CBAAF38}.Debug|Any CPU.ActiveCfg = Debug|Any CPU
		{C01CE8E2-C0B2-4372-9484-C80D5CBAAF38}.Debug|Any CPU.Build.0 = Debug|Any CPU
		{C01CE8E2-C0B2-4372-9484-C80D5CBAAF38}.Release|Any CPU.ActiveCfg = Release|Any CPU
		{C01CE8E2-C0B2-4372-9484-C80D5CBAAF38}.Release|Any CPU.Build.0 = Release|Any CPU
		{F281049D-1761-4A19-BE5E-886CBF5B6ABF}.Debug|Any CPU.ActiveCfg = Debug|Any CPU
		{F281049D-1761-4A19-BE5E-886CBF5B6ABF}.Debug|Any CPU.Build.0 = Debug|Any CPU
		{F281049D-1761-4A19-BE5E-886CBF5B6ABF}.Release|Any CPU.ActiveCfg = Release|Any CPU
		{F281049D-1761-4A19-BE5E-886CBF5B6ABF}.Release|Any CPU.Build.0 = Release|Any CPU
		{7D920F25-254E-4A02-8B1C-992510C0295D}.Debug|Any CPU.ActiveCfg = Debug|Any CPU
		{7D920F25-254E-4A02-8B1C-992510C0295D}.Debug|Any CPU.Build.0 = Debug|Any CPU
		{7D920F25-254E-4A02-8B1C-992510C0295D}.Release|Any CPU.ActiveCfg = Release|Any CPU
		{7D920F25-254E-4A02-8B1C-992510C0295D}.Release|Any CPU.Build.0 = Release|Any CPU
		{15F5E4B8-070E-4029-B97C-1B0C5C9125C1}.Debug|Any CPU.ActiveCfg = Debug|Any CPU
		{15F5E4B8-070E-4029-B97C-1B0C5C9125C1}.Debug|Any CPU.Build.0 = Debug|Any CPU
		{15F5E4B8-070E-4029-B97C-1B0C5C9125C1}.Release|Any CPU.ActiveCfg = Release|Any CPU
		{15F5E4B8-070E-4029-B97C-1B0C5C9125C1}.Release|Any CPU.Build.0 = Release|Any CPU
		{391D419A-6B89-43A6-B6BA-A83B988126AD}.Debug|Any CPU.ActiveCfg = Debug|Any CPU
		{391D419A-6B89-43A6-B6BA-A83B988126AD}.Debug|Any CPU.Build.0 = Debug|Any CPU
		{391D419A-6B89-43A6-B6BA-A83B988126AD}.Release|Any CPU.ActiveCfg = Release|Any CPU
		{391D419A-6B89-43A6-B6BA-A83B988126AD}.Release|Any CPU.Build.0 = Release|Any CPU
	EndGlobalSection
	GlobalSection(SolutionProperties) = preSolution
		HideSolutionNode = FALSE
	EndGlobalSection
	GlobalSection(ExtensibilityGlobals) = postSolution
		SolutionGuid = {367D4408-8BD0-46AE-B6F4-0366D2E8FEF4}
	EndGlobalSection
EndGlobal
