
Microsoft Visual Studio Solution File, Format Version 12.00
# Visual Studio 15
VisualStudioVersion = 15.0.28010.2046
MinimumVisualStudioVersion = 10.0.40219.1
Project("{9A19103F-16F7-4668-BE54-9A1E7A4F7556}") = "DefiningClasses", "Define a Class Person\DefiningClasses.csproj", "{BA7AE499-BA94-49C6-ABCB-E3A8A660E4E1}"
EndProject
Project("{2150E333-8FDC-42A3-9474-1A3956D46DE8}") = "Define a Class Person", "Define a Class Person", "{8438D589-8D36-4ECA-808C-3ACC2C36BDB4}"
EndProject
Project("{2150E333-8FDC-42A3-9474-1A3956D46DE8}") = "Date Modifier", "Date Modifier", "{3E573B79-A6DE-4EA6-9A41-30799DBBC21D}"
EndProject
Project("{9A19103F-16F7-4668-BE54-9A1E7A4F7556}") = "DateModifier", "DateModifier\DateModifier.csproj", "{03085A50-D7D6-4CF9-ACA3-824CF5D0E2EA}"
EndProject
Project("{2150E333-8FDC-42A3-9474-1A3956D46DE8}") = "Company Roaster", "Company Roaster", "{84BDE26D-8A5A-441D-B2D3-BE2510E0F62A}"
EndProject
Project("{9A19103F-16F7-4668-BE54-9A1E7A4F7556}") = "CompanyRoaster", "CompanyRoaster\CompanyRoaster.csproj", "{1080F950-F0CD-4880-B9F3-AB699948973C}"
EndProject
Project("{2150E333-8FDC-42A3-9474-1A3956D46DE8}") = "Speed Racing", "Speed Racing", "{6C936C6E-149A-4660-BD94-9CE9940A70E9}"
EndProject
Project("{9A19103F-16F7-4668-BE54-9A1E7A4F7556}") = "SpeedRacing", "SpeedRacing\SpeedRacing.csproj", "{52031682-D3C2-4C0B-A72B-A16056B8C15C}"
EndProject
Project("{2150E333-8FDC-42A3-9474-1A3956D46DE8}") = "Raw Data", "Raw Data", "{D2774343-D1CC-4D59-91A0-103AEA211D7E}"
EndProject
Project("{9A19103F-16F7-4668-BE54-9A1E7A4F7556}") = "RawData", "RawData\RawData.csproj", "{277028AC-F6B6-427D-8975-0A0F3B762E9F}"
EndProject
Project("{2150E333-8FDC-42A3-9474-1A3956D46DE8}") = "Rectangle Intersection", "Rectangle Intersection", "{B960C8CB-A6BC-46DA-8E63-2FB07ABBEDE2}"
EndProject
Project("{9A19103F-16F7-4668-BE54-9A1E7A4F7556}") = "RectangleIntersection", "RectangleIntersection\RectangleIntersection.csproj", "{FD51C615-0D9D-41C7-9730-280305F29068}"
EndProject
Project("{2150E333-8FDC-42A3-9474-1A3956D46DE8}") = "Car Salesman", "Car Salesman", "{CC0D2F46-713D-4D4C-8664-050647D02B97}"
EndProject
Project("{9A19103F-16F7-4668-BE54-9A1E7A4F7556}") = "CarSalesman", "CarSalesman\CarSalesman.csproj", "{AC429893-8A0B-4C0C-8FF4-7264B00C838D}"
EndProject
Project("{2150E333-8FDC-42A3-9474-1A3956D46DE8}") = "Family Tree", "Family Tree", "{ED26EFA1-8678-4574-8D65-61ED01D28AA4}"
EndProject
Project("{FAE04EC0-301F-11D3-BF4B-00C04F79EFBC}") = "FamilyTree", "FamilyTree\FamilyTree.csproj", "{4C1B3E9C-0E05-49A1-A993-7B12020FB3BB}"
EndProject
Project("{2150E333-8FDC-42A3-9474-1A3956D46DE8}") = "Google", "Google", "{BFCF0B39-3BA2-4A9B-915C-3A931EBFC019}"
EndProject
Project("{FAE04EC0-301F-11D3-BF4B-00C04F79EFBC}") = "GoogleProject", "GoogleProject\GoogleProject.csproj", "{FD29C76F-7713-4E32-AF41-5938BCCE79AC}"
EndProject
Project("{2150E333-8FDC-42A3-9474-1A3956D46DE8}") = "Pokemon Trainer", "Pokemon Trainer", "{005013AF-694E-4116-88C0-54E7863A54FE}"
EndProject
Project("{FAE04EC0-301F-11D3-BF4B-00C04F79EFBC}") = "PokemonTrainer", "PokemonTrainer\PokemonTrainer.csproj", "{FBBA10F5-B09A-48BE-94DC-9135D94839B9}"
EndProject
Global
	GlobalSection(SolutionConfigurationPlatforms) = preSolution
		Debug|Any CPU = Debug|Any CPU
		Release|Any CPU = Release|Any CPU
	EndGlobalSection
	GlobalSection(ProjectConfigurationPlatforms) = postSolution
		{BA7AE499-BA94-49C6-ABCB-E3A8A660E4E1}.Debug|Any CPU.ActiveCfg = Debug|Any CPU
		{BA7AE499-BA94-49C6-ABCB-E3A8A660E4E1}.Debug|Any CPU.Build.0 = Debug|Any CPU
		{BA7AE499-BA94-49C6-ABCB-E3A8A660E4E1}.Release|Any CPU.ActiveCfg = Release|Any CPU
		{BA7AE499-BA94-49C6-ABCB-E3A8A660E4E1}.Release|Any CPU.Build.0 = Release|Any CPU
		{03085A50-D7D6-4CF9-ACA3-824CF5D0E2EA}.Debug|Any CPU.ActiveCfg = Debug|Any CPU
		{03085A50-D7D6-4CF9-ACA3-824CF5D0E2EA}.Debug|Any CPU.Build.0 = Debug|Any CPU
		{03085A50-D7D6-4CF9-ACA3-824CF5D0E2EA}.Release|Any CPU.ActiveCfg = Release|Any CPU
		{03085A50-D7D6-4CF9-ACA3-824CF5D0E2EA}.Release|Any CPU.Build.0 = Release|Any CPU
		{1080F950-F0CD-4880-B9F3-AB699948973C}.Debug|Any CPU.ActiveCfg = Debug|Any CPU
		{1080F950-F0CD-4880-B9F3-AB699948973C}.Debug|Any CPU.Build.0 = Debug|Any CPU
		{1080F950-F0CD-4880-B9F3-AB699948973C}.Release|Any CPU.ActiveCfg = Release|Any CPU
		{1080F950-F0CD-4880-B9F3-AB699948973C}.Release|Any CPU.Build.0 = Release|Any CPU
		{52031682-D3C2-4C0B-A72B-A16056B8C15C}.Debug|Any CPU.ActiveCfg = Debug|Any CPU
		{52031682-D3C2-4C0B-A72B-A16056B8C15C}.Debug|Any CPU.Build.0 = Debug|Any CPU
		{52031682-D3C2-4C0B-A72B-A16056B8C15C}.Release|Any CPU.ActiveCfg = Release|Any CPU
		{52031682-D3C2-4C0B-A72B-A16056B8C15C}.Release|Any CPU.Build.0 = Release|Any CPU
		{277028AC-F6B6-427D-8975-0A0F3B762E9F}.Debug|Any CPU.ActiveCfg = Debug|Any CPU
		{277028AC-F6B6-427D-8975-0A0F3B762E9F}.Debug|Any CPU.Build.0 = Debug|Any CPU
		{277028AC-F6B6-427D-8975-0A0F3B762E9F}.Release|Any CPU.ActiveCfg = Release|Any CPU
		{277028AC-F6B6-427D-8975-0A0F3B762E9F}.Release|Any CPU.Build.0 = Release|Any CPU
		{FD51C615-0D9D-41C7-9730-280305F29068}.Debug|Any CPU.ActiveCfg = Debug|Any CPU
		{FD51C615-0D9D-41C7-9730-280305F29068}.Debug|Any CPU.Build.0 = Debug|Any CPU
		{FD51C615-0D9D-41C7-9730-280305F29068}.Release|Any CPU.ActiveCfg = Release|Any CPU
		{FD51C615-0D9D-41C7-9730-280305F29068}.Release|Any CPU.Build.0 = Release|Any CPU
		{AC429893-8A0B-4C0C-8FF4-7264B00C838D}.Debug|Any CPU.ActiveCfg = Debug|Any CPU
		{AC429893-8A0B-4C0C-8FF4-7264B00C838D}.Debug|Any CPU.Build.0 = Debug|Any CPU
		{AC429893-8A0B-4C0C-8FF4-7264B00C838D}.Release|Any CPU.ActiveCfg = Release|Any CPU
		{AC429893-8A0B-4C0C-8FF4-7264B00C838D}.Release|Any CPU.Build.0 = Release|Any CPU
		{4C1B3E9C-0E05-49A1-A993-7B12020FB3BB}.Debug|Any CPU.ActiveCfg = Debug|Any CPU
		{4C1B3E9C-0E05-49A1-A993-7B12020FB3BB}.Debug|Any CPU.Build.0 = Debug|Any CPU
		{4C1B3E9C-0E05-49A1-A993-7B12020FB3BB}.Release|Any CPU.ActiveCfg = Release|Any CPU
		{4C1B3E9C-0E05-49A1-A993-7B12020FB3BB}.Release|Any CPU.Build.0 = Release|Any CPU
		{FD29C76F-7713-4E32-AF41-5938BCCE79AC}.Debug|Any CPU.ActiveCfg = Debug|Any CPU
		{FD29C76F-7713-4E32-AF41-5938BCCE79AC}.Debug|Any CPU.Build.0 = Debug|Any CPU
		{FD29C76F-7713-4E32-AF41-5938BCCE79AC}.Release|Any CPU.ActiveCfg = Release|Any CPU
		{FD29C76F-7713-4E32-AF41-5938BCCE79AC}.Release|Any CPU.Build.0 = Release|Any CPU
		{FBBA10F5-B09A-48BE-94DC-9135D94839B9}.Debug|Any CPU.ActiveCfg = Debug|Any CPU
		{FBBA10F5-B09A-48BE-94DC-9135D94839B9}.Debug|Any CPU.Build.0 = Debug|Any CPU
		{FBBA10F5-B09A-48BE-94DC-9135D94839B9}.Release|Any CPU.ActiveCfg = Release|Any CPU
		{FBBA10F5-B09A-48BE-94DC-9135D94839B9}.Release|Any CPU.Build.0 = Release|Any CPU
	EndGlobalSection
	GlobalSection(SolutionProperties) = preSolution
		HideSolutionNode = FALSE
	EndGlobalSection
	GlobalSection(NestedProjects) = preSolution
		{BA7AE499-BA94-49C6-ABCB-E3A8A660E4E1} = {8438D589-8D36-4ECA-808C-3ACC2C36BDB4}
		{03085A50-D7D6-4CF9-ACA3-824CF5D0E2EA} = {3E573B79-A6DE-4EA6-9A41-30799DBBC21D}
		{1080F950-F0CD-4880-B9F3-AB699948973C} = {84BDE26D-8A5A-441D-B2D3-BE2510E0F62A}
		{52031682-D3C2-4C0B-A72B-A16056B8C15C} = {6C936C6E-149A-4660-BD94-9CE9940A70E9}
		{277028AC-F6B6-427D-8975-0A0F3B762E9F} = {D2774343-D1CC-4D59-91A0-103AEA211D7E}
		{FD51C615-0D9D-41C7-9730-280305F29068} = {B960C8CB-A6BC-46DA-8E63-2FB07ABBEDE2}
		{AC429893-8A0B-4C0C-8FF4-7264B00C838D} = {CC0D2F46-713D-4D4C-8664-050647D02B97}
		{4C1B3E9C-0E05-49A1-A993-7B12020FB3BB} = {ED26EFA1-8678-4574-8D65-61ED01D28AA4}
		{FD29C76F-7713-4E32-AF41-5938BCCE79AC} = {BFCF0B39-3BA2-4A9B-915C-3A931EBFC019}
		{FBBA10F5-B09A-48BE-94DC-9135D94839B9} = {005013AF-694E-4116-88C0-54E7863A54FE}
	EndGlobalSection
	GlobalSection(ExtensibilityGlobals) = postSolution
		SolutionGuid = {124FC75F-F441-435C-A876-E720C76E0AA4}
	EndGlobalSection
EndGlobal
